
Microsoft Visual Studio Solution File, Format Version 12.00
# Visual Studio Version 16
VisualStudioVersion = 16.0.34031.81
MinimumVisualStudioVersion = 10.0.40219.1
Project("{8BC9CEB8-8B4A-11D0-8D11-00A0C91BC942}") = "20231018_202184050_정가현_UDPClient", "20231018_202184050_정가현_UDPClient.vcxproj", "{EDAB7BC7-1EF1-47CF-AC0E-7BF5B963232D}"
EndProject
Global
	GlobalSection(SolutionConfigurationPlatforms) = preSolution
		Debug|x64 = Debug|x64
		Debug|x86 = Debug|x86
		Release|x64 = Release|x64
		Release|x86 = Release|x86
	EndGlobalSection
	GlobalSection(ProjectConfigurationPlatforms) = postSolution
		{EDAB7BC7-1EF1-47CF-AC0E-7BF5B963232D}.Debug|x64.ActiveCfg = Debug|x64
		{EDAB7BC7-1EF1-47CF-AC0E-7BF5B963232D}.Debug|x64.Build.0 = Debug|x64
		{EDAB7BC7-1EF1-47CF-AC0E-7BF5B963232D}.Debug|x86.ActiveCfg = Debug|Win32
		{EDAB7BC7-1EF1-47CF-AC0E-7BF5B963232D}.Debug|x86.Build.0 = Debug|Win32
		{EDAB7BC7-1EF1-47CF-AC0E-7BF5B963232D}.Release|x64.ActiveCfg = Release|x64
		{EDAB7BC7-1EF1-47CF-AC0E-7BF5B963232D}.Release|x64.Build.0 = Release|x64
		{EDAB7BC7-1EF1-47CF-AC0E-7BF5B963232D}.Release|x86.ActiveCfg = Release|Win32
		{EDAB7BC7-1EF1-47CF-AC0E-7BF5B963232D}.Release|x86.Build.0 = Release|Win32
	EndGlobalSection
	GlobalSection(SolutionProperties) = preSolution
		HideSolutionNode = FALSE
	EndGlobalSection
	GlobalSection(ExtensibilityGlobals) = postSolution
		SolutionGuid = {97F592E9-8110-4444-B569-CCD746AEB452}
	EndGlobalSection
EndGlobal
