
Microsoft Visual Studio Solution File, Format Version 12.00
# Visual Studio Version 16
VisualStudioVersion = 16.0.34031.81
MinimumVisualStudioVersion = 10.0.40219.1
Project("{8BC9CEB8-8B4A-11D0-8D11-00A0C91BC942}") = "20231004_202184050_정가현_tcpserver", "20231004_202184050_정가현_tcpserver.vcxproj", "{26C7410C-3B3B-427D-802C-A7AC797C3E41}"
EndProject
Global
	GlobalSection(SolutionConfigurationPlatforms) = preSolution
		Debug|x64 = Debug|x64
		Debug|x86 = Debug|x86
		Release|x64 = Release|x64
		Release|x86 = Release|x86
	EndGlobalSection
	GlobalSection(ProjectConfigurationPlatforms) = postSolution
		{26C7410C-3B3B-427D-802C-A7AC797C3E41}.Debug|x64.ActiveCfg = Debug|x64
		{26C7410C-3B3B-427D-802C-A7AC797C3E41}.Debug|x64.Build.0 = Debug|x64
		{26C7410C-3B3B-427D-802C-A7AC797C3E41}.Debug|x86.ActiveCfg = Debug|Win32
		{26C7410C-3B3B-427D-802C-A7AC797C3E41}.Debug|x86.Build.0 = Debug|Win32
		{26C7410C-3B3B-427D-802C-A7AC797C3E41}.Release|x64.ActiveCfg = Release|x64
		{26C7410C-3B3B-427D-802C-A7AC797C3E41}.Release|x64.Build.0 = Release|x64
		{26C7410C-3B3B-427D-802C-A7AC797C3E41}.Release|x86.ActiveCfg = Release|Win32
		{26C7410C-3B3B-427D-802C-A7AC797C3E41}.Release|x86.Build.0 = Release|Win32
	EndGlobalSection
	GlobalSection(SolutionProperties) = preSolution
		HideSolutionNode = FALSE
	EndGlobalSection
	GlobalSection(ExtensibilityGlobals) = postSolution
		SolutionGuid = {98B87C6E-A36B-4DA6-8C4B-56C88ECBF708}
	EndGlobalSection
EndGlobal
